
Microsoft Visual Studio Solution File, Format Version 12.00
# Visual Studio 15
VisualStudioVersion = 15.0.26124.0
MinimumVisualStudioVersion = 15.0.26124.0
Project("{FAE04EC0-301F-11D3-BF4B-00C04F79EFBC}") = "StdioProxy", "StdioProxy\StdioProxy.csproj", "{34A4A826-F59B-411C-99C3-E9740332A8D2}"
EndProject
Project("{FAE04EC0-301F-11D3-BF4B-00C04F79EFBC}") = "StdioProxy.Debugger", "StdioProxy.Debugger\StdioProxy.Debugger.csproj", "{DC57E4EE-81B3-431C-99C4-58D26927A4DB}"
EndProject
Global
	GlobalSection(SolutionConfigurationPlatforms) = preSolution
		Debug|Any CPU = Debug|Any CPU
		Debug|x64 = Debug|x64
		Debug|x86 = Debug|x86
		Release|Any CPU = Release|Any CPU
		Release|x64 = Release|x64
		Release|x86 = Release|x86
	EndGlobalSection
	GlobalSection(SolutionProperties) = preSolution
		HideSolutionNode = FALSE
	EndGlobalSection
	GlobalSection(ProjectConfigurationPlatforms) = postSolution
		{34A4A826-F59B-411C-99C3-E9740332A8D2}.Debug|Any CPU.ActiveCfg = Debug|Any CPU
		{34A4A826-F59B-411C-99C3-E9740332A8D2}.Debug|Any CPU.Build.0 = Debug|Any CPU
		{34A4A826-F59B-411C-99C3-E9740332A8D2}.Debug|x64.ActiveCfg = Debug|Any CPU
		{34A4A826-F59B-411C-99C3-E9740332A8D2}.Debug|x64.Build.0 = Debug|Any CPU
		{34A4A826-F59B-411C-99C3-E9740332A8D2}.Debug|x86.ActiveCfg = Debug|Any CPU
		{34A4A826-F59B-411C-99C3-E9740332A8D2}.Debug|x86.Build.0 = Debug|Any CPU
		{34A4A826-F59B-411C-99C3-E9740332A8D2}.Release|Any CPU.ActiveCfg = Release|Any CPU
		{34A4A826-F59B-411C-99C3-E9740332A8D2}.Release|Any CPU.Build.0 = Release|Any CPU
		{34A4A826-F59B-411C-99C3-E9740332A8D2}.Release|x64.ActiveCfg = Release|Any CPU
		{34A4A826-F59B-411C-99C3-E9740332A8D2}.Release|x64.Build.0 = Release|Any CPU
		{34A4A826-F59B-411C-99C3-E9740332A8D2}.Release|x86.ActiveCfg = Release|Any CPU
		{34A4A826-F59B-411C-99C3-E9740332A8D2}.Release|x86.Build.0 = Release|Any CPU
		{DC57E4EE-81B3-431C-99C4-58D26927A4DB}.Debug|Any CPU.ActiveCfg = Debug|Any CPU
		{DC57E4EE-81B3-431C-99C4-58D26927A4DB}.Debug|Any CPU.Build.0 = Debug|Any CPU
		{DC57E4EE-81B3-431C-99C4-58D26927A4DB}.Debug|x64.ActiveCfg = Debug|Any CPU
		{DC57E4EE-81B3-431C-99C4-58D26927A4DB}.Debug|x64.Build.0 = Debug|Any CPU
		{DC57E4EE-81B3-431C-99C4-58D26927A4DB}.Debug|x86.ActiveCfg = Debug|Any CPU
		{DC57E4EE-81B3-431C-99C4-58D26927A4DB}.Debug|x86.Build.0 = Debug|Any CPU
		{DC57E4EE-81B3-431C-99C4-58D26927A4DB}.Release|Any CPU.ActiveCfg = Release|Any CPU
		{DC57E4EE-81B3-431C-99C4-58D26927A4DB}.Release|Any CPU.Build.0 = Release|Any CPU
		{DC57E4EE-81B3-431C-99C4-58D26927A4DB}.Release|x64.ActiveCfg = Release|Any CPU
		{DC57E4EE-81B3-431C-99C4-58D26927A4DB}.Release|x64.Build.0 = Release|Any CPU
		{DC57E4EE-81B3-431C-99C4-58D26927A4DB}.Release|x86.ActiveCfg = Release|Any CPU
		{DC57E4EE-81B3-431C-99C4-58D26927A4DB}.Release|x86.Build.0 = Release|Any CPU
	EndGlobalSection
EndGlobal
